
Microsoft Visual Studio Solution File, Format Version 12.00
# Visual Studio Version 16
VisualStudioVersion = 16.0.30907.101
MinimumVisualStudioVersion = 10.0.40219.1
Project("{9A19103F-16F7-4668-BE54-9A1E7A4F7556}") = "KampIntro", "KampIntro\KampIntro.csproj", "{B41B10CF-101F-4124-8650-D2A3D7AAFDBE}"
EndProject
Project("{9A19103F-16F7-4668-BE54-9A1E7A4F7556}") = "Donguler", "Donguler\Donguler.csproj", "{8A919B10-83A1-4515-83CE-B4BF2F026119}"
EndProject
Project("{9A19103F-16F7-4668-BE54-9A1E7A4F7556}") = "ClassIntro", "ClassIntro\ClassIntro.csproj", "{95C53C0B-6A52-414C-A021-31168AE54CB2}"
EndProject
Project("{9A19103F-16F7-4668-BE54-9A1E7A4F7556}") = "Metotlar", "Metotlar\Metotlar.csproj", "{D887FF77-0BF0-4A7B-9EBB-54FC48DFFE32}"
EndProject
Project("{9A19103F-16F7-4668-BE54-9A1E7A4F7556}") = "Matematik", "Matematik\Matematik.csproj", "{3DC6B147-7F52-4805-9555-1E06B7DA00FF}"
EndProject
Project("{9A19103F-16F7-4668-BE54-9A1E7A4F7556}") = "DegerVeReferansTipler", "DegerVeReferansTipler\DegerVeReferansTipler.csproj", "{467909A5-B064-433D-9124-6FA875851E0D}"
EndProject
Project("{9A19103F-16F7-4668-BE54-9A1E7A4F7556}") = "OOP1", "OOP1\OOP1.csproj", "{041B037F-1A3B-4B93-A8D6-B111D9593D9B}"
EndProject
Project("{9A19103F-16F7-4668-BE54-9A1E7A4F7556}") = "Collections", "Collections\Collections.csproj", "{F1358075-D933-4E53-AFC7-C9047E024AE3}"
EndProject
Project("{FAE04EC0-301F-11D3-BF4B-00C04F79EFBC}") = "GenericsIntro", "GenericsIntro\GenericsIntro.csproj", "{A43E8659-9217-47A3-BDB7-1F7C6D56216B}"
EndProject
Global
	GlobalSection(SolutionConfigurationPlatforms) = preSolution
		Debug|Any CPU = Debug|Any CPU
		Release|Any CPU = Release|Any CPU
	EndGlobalSection
	GlobalSection(ProjectConfigurationPlatforms) = postSolution
		{B41B10CF-101F-4124-8650-D2A3D7AAFDBE}.Debug|Any CPU.ActiveCfg = Debug|Any CPU
		{B41B10CF-101F-4124-8650-D2A3D7AAFDBE}.Debug|Any CPU.Build.0 = Debug|Any CPU
		{B41B10CF-101F-4124-8650-D2A3D7AAFDBE}.Release|Any CPU.ActiveCfg = Release|Any CPU
		{B41B10CF-101F-4124-8650-D2A3D7AAFDBE}.Release|Any CPU.Build.0 = Release|Any CPU
		{8A919B10-83A1-4515-83CE-B4BF2F026119}.Debug|Any CPU.ActiveCfg = Debug|Any CPU
		{8A919B10-83A1-4515-83CE-B4BF2F026119}.Debug|Any CPU.Build.0 = Debug|Any CPU
		{8A919B10-83A1-4515-83CE-B4BF2F026119}.Release|Any CPU.ActiveCfg = Release|Any CPU
		{8A919B10-83A1-4515-83CE-B4BF2F026119}.Release|Any CPU.Build.0 = Release|Any CPU
		{95C53C0B-6A52-414C-A021-31168AE54CB2}.Debug|Any CPU.ActiveCfg = Debug|Any CPU
		{95C53C0B-6A52-414C-A021-31168AE54CB2}.Debug|Any CPU.Build.0 = Debug|Any CPU
		{95C53C0B-6A52-414C-A021-31168AE54CB2}.Release|Any CPU.ActiveCfg = Release|Any CPU
		{95C53C0B-6A52-414C-A021-31168AE54CB2}.Release|Any CPU.Build.0 = Release|Any CPU
		{D887FF77-0BF0-4A7B-9EBB-54FC48DFFE32}.Debug|Any CPU.ActiveCfg = Debug|Any CPU
		{D887FF77-0BF0-4A7B-9EBB-54FC48DFFE32}.Debug|Any CPU.Build.0 = Debug|Any CPU
		{D887FF77-0BF0-4A7B-9EBB-54FC48DFFE32}.Release|Any CPU.ActiveCfg = Release|Any CPU
		{D887FF77-0BF0-4A7B-9EBB-54FC48DFFE32}.Release|Any CPU.Build.0 = Release|Any CPU
		{3DC6B147-7F52-4805-9555-1E06B7DA00FF}.Debug|Any CPU.ActiveCfg = Debug|Any CPU
		{3DC6B147-7F52-4805-9555-1E06B7DA00FF}.Debug|Any CPU.Build.0 = Debug|Any CPU
		{3DC6B147-7F52-4805-9555-1E06B7DA00FF}.Release|Any CPU.ActiveCfg = Release|Any CPU
		{3DC6B147-7F52-4805-9555-1E06B7DA00FF}.Release|Any CPU.Build.0 = Release|Any CPU
		{467909A5-B064-433D-9124-6FA875851E0D}.Debug|Any CPU.ActiveCfg = Debug|Any CPU
		{467909A5-B064-433D-9124-6FA875851E0D}.Debug|Any CPU.Build.0 = Debug|Any CPU
		{467909A5-B064-433D-9124-6FA875851E0D}.Release|Any CPU.ActiveCfg = Release|Any CPU
		{467909A5-B064-433D-9124-6FA875851E0D}.Release|Any CPU.Build.0 = Release|Any CPU
		{041B037F-1A3B-4B93-A8D6-B111D9593D9B}.Debug|Any CPU.ActiveCfg = Debug|Any CPU
		{041B037F-1A3B-4B93-A8D6-B111D9593D9B}.Debug|Any CPU.Build.0 = Debug|Any CPU
		{041B037F-1A3B-4B93-A8D6-B111D9593D9B}.Release|Any CPU.ActiveCfg = Release|Any CPU
		{041B037F-1A3B-4B93-A8D6-B111D9593D9B}.Release|Any CPU.Build.0 = Release|Any CPU
		{F1358075-D933-4E53-AFC7-C9047E024AE3}.Debug|Any CPU.ActiveCfg = Debug|Any CPU
		{F1358075-D933-4E53-AFC7-C9047E024AE3}.Debug|Any CPU.Build.0 = Debug|Any CPU
		{F1358075-D933-4E53-AFC7-C9047E024AE3}.Release|Any CPU.ActiveCfg = Release|Any CPU
		{F1358075-D933-4E53-AFC7-C9047E024AE3}.Release|Any CPU.Build.0 = Release|Any CPU
		{A43E8659-9217-47A3-BDB7-1F7C6D56216B}.Debug|Any CPU.ActiveCfg = Debug|Any CPU
		{A43E8659-9217-47A3-BDB7-1F7C6D56216B}.Debug|Any CPU.Build.0 = Debug|Any CPU
		{A43E8659-9217-47A3-BDB7-1F7C6D56216B}.Release|Any CPU.ActiveCfg = Release|Any CPU
		{A43E8659-9217-47A3-BDB7-1F7C6D56216B}.Release|Any CPU.Build.0 = Release|Any CPU
	EndGlobalSection
	GlobalSection(SolutionProperties) = preSolution
		HideSolutionNode = FALSE
	EndGlobalSection
	GlobalSection(ExtensibilityGlobals) = postSolution
		SolutionGuid = {343F7F81-C09A-4678-87AA-039B8A291C64}
	EndGlobalSection
EndGlobal
